
Microsoft Visual Studio Solution File, Format Version 12.00
# Visual Studio Version 17
VisualStudioVersion = 17.3.32901.215
MinimumVisualStudioVersion = 10.0.40219.1
Project("{FAE04EC0-301F-11D3-BF4B-00C04F79EFBC}") = "Hw 3 ( Team )", "Hw 3 ( Team ).csproj", "{2043BD03-6DDA-4099-8546-1161C8B82896}"
EndProject
Global
	GlobalSection(SolutionConfigurationPlatforms) = preSolution
		Debug|Any CPU = Debug|Any CPU
		Release|Any CPU = Release|Any CPU
	EndGlobalSection
	GlobalSection(ProjectConfigurationPlatforms) = postSolution
		{2043BD03-6DDA-4099-8546-1161C8B82896}.Debug|Any CPU.ActiveCfg = Debug|Any CPU
		{2043BD03-6DDA-4099-8546-1161C8B82896}.Debug|Any CPU.Build.0 = Debug|Any CPU
		{2043BD03-6DDA-4099-8546-1161C8B82896}.Release|Any CPU.ActiveCfg = Release|Any CPU
		{2043BD03-6DDA-4099-8546-1161C8B82896}.Release|Any CPU.Build.0 = Release|Any CPU
	EndGlobalSection
	GlobalSection(SolutionProperties) = preSolution
		HideSolutionNode = FALSE
	EndGlobalSection
	GlobalSection(ExtensibilityGlobals) = postSolution
		SolutionGuid = {4169438F-1550-4180-9149-61B47B15B445}
	EndGlobalSection
EndGlobal
